
Microsoft Visual Studio Solution File, Format Version 12.00
# Visual Studio Version 17
VisualStudioVersion = 17.1.31903.286
MinimumVisualStudioVersion = 10.0.40219.1
Project("{9A19103F-16F7-4668-BE54-9A1E7A4F7556}") = "GRAL-website", "GRAL website\GRAL-website.csproj", "{1E688EA1-C431-44D1-BB92-BAD74998D445}"
EndProject
Global
	GlobalSection(SolutionConfigurationPlatforms) = preSolution
		Debug|Any CPU = Debug|Any CPU
		Release|Any CPU = Release|Any CPU
	EndGlobalSection
	GlobalSection(ProjectConfigurationPlatforms) = postSolution
		{1E688EA1-C431-44D1-BB92-BAD74998D445}.Debug|Any CPU.ActiveCfg = Debug|Any CPU
		{1E688EA1-C431-44D1-BB92-BAD74998D445}.Debug|Any CPU.Build.0 = Debug|Any CPU
		{1E688EA1-C431-44D1-BB92-BAD74998D445}.Release|Any CPU.ActiveCfg = Release|Any CPU
		{1E688EA1-C431-44D1-BB92-BAD74998D445}.Release|Any CPU.Build.0 = Release|Any CPU
	EndGlobalSection
	GlobalSection(SolutionProperties) = preSolution
		HideSolutionNode = FALSE
	EndGlobalSection
	GlobalSection(ExtensibilityGlobals) = postSolution
		SolutionGuid = {D7612FDC-7658-4E3E-9766-C895B40C57C2}
	EndGlobalSection
EndGlobal
